
Microsoft Visual Studio Solution File, Format Version 12.00
# Visual Studio 15
VisualStudioVersion = 15.0.28307.421
MinimumVisualStudioVersion = 10.0.40219.1
Project("{8BC9CEB8-8B4A-11D0-8D11-00A0C91BC942}") = "cppDll4cs", "cppDll4cs\cppDll4cs.vcxproj", "{1DB94387-3222-497D-81B7-A6E7EC65CCA4}"
EndProject
Project("{FAE04EC0-301F-11D3-BF4B-00C04F79EFBC}") = "csConsoleApp", "csConsoleApp\csConsoleApp.csproj", "{DAE703C3-1190-410B-BE9A-A7791B68655E}"
EndProject
Project("{8BC9CEB8-8B4A-11D0-8D11-00A0C91BC942}") = "cppWinConsole", "cppWinConsole\cppWinConsole.vcxproj", "{B77E0956-6BB4-495B-BF0D-08736D14F0B0}"
EndProject
Global
	GlobalSection(SolutionConfigurationPlatforms) = preSolution
		Debug|Any CPU = Debug|Any CPU
		Debug|x64 = Debug|x64
		Debug|x86 = Debug|x86
		Release|Any CPU = Release|Any CPU
		Release|x64 = Release|x64
		Release|x86 = Release|x86
	EndGlobalSection
	GlobalSection(ProjectConfigurationPlatforms) = postSolution
		{1DB94387-3222-497D-81B7-A6E7EC65CCA4}.Debug|Any CPU.ActiveCfg = Debug|Win32
		{1DB94387-3222-497D-81B7-A6E7EC65CCA4}.Debug|x64.ActiveCfg = Debug|x64
		{1DB94387-3222-497D-81B7-A6E7EC65CCA4}.Debug|x64.Build.0 = Debug|x64
		{1DB94387-3222-497D-81B7-A6E7EC65CCA4}.Debug|x86.ActiveCfg = Debug|Win32
		{1DB94387-3222-497D-81B7-A6E7EC65CCA4}.Debug|x86.Build.0 = Debug|Win32
		{1DB94387-3222-497D-81B7-A6E7EC65CCA4}.Release|Any CPU.ActiveCfg = Release|Win32
		{1DB94387-3222-497D-81B7-A6E7EC65CCA4}.Release|x64.ActiveCfg = Release|x64
		{1DB94387-3222-497D-81B7-A6E7EC65CCA4}.Release|x64.Build.0 = Release|x64
		{1DB94387-3222-497D-81B7-A6E7EC65CCA4}.Release|x86.ActiveCfg = Release|Win32
		{1DB94387-3222-497D-81B7-A6E7EC65CCA4}.Release|x86.Build.0 = Release|Win32
		{DAE703C3-1190-410B-BE9A-A7791B68655E}.Debug|Any CPU.ActiveCfg = Debug|Any CPU
		{DAE703C3-1190-410B-BE9A-A7791B68655E}.Debug|Any CPU.Build.0 = Debug|Any CPU
		{DAE703C3-1190-410B-BE9A-A7791B68655E}.Debug|x64.ActiveCfg = Debug|Any CPU
		{DAE703C3-1190-410B-BE9A-A7791B68655E}.Debug|x64.Build.0 = Debug|Any CPU
		{DAE703C3-1190-410B-BE9A-A7791B68655E}.Debug|x86.ActiveCfg = Debug|Any CPU
		{DAE703C3-1190-410B-BE9A-A7791B68655E}.Debug|x86.Build.0 = Debug|Any CPU
		{DAE703C3-1190-410B-BE9A-A7791B68655E}.Release|Any CPU.ActiveCfg = Release|Any CPU
		{DAE703C3-1190-410B-BE9A-A7791B68655E}.Release|Any CPU.Build.0 = Release|Any CPU
		{DAE703C3-1190-410B-BE9A-A7791B68655E}.Release|x64.ActiveCfg = Release|Any CPU
		{DAE703C3-1190-410B-BE9A-A7791B68655E}.Release|x64.Build.0 = Release|Any CPU
		{DAE703C3-1190-410B-BE9A-A7791B68655E}.Release|x86.ActiveCfg = Release|Any CPU
		{DAE703C3-1190-410B-BE9A-A7791B68655E}.Release|x86.Build.0 = Release|Any CPU
		{B77E0956-6BB4-495B-BF0D-08736D14F0B0}.Debug|Any CPU.ActiveCfg = Debug|Win32
		{B77E0956-6BB4-495B-BF0D-08736D14F0B0}.Debug|x64.ActiveCfg = Debug|x64
		{B77E0956-6BB4-495B-BF0D-08736D14F0B0}.Debug|x64.Build.0 = Debug|x64
		{B77E0956-6BB4-495B-BF0D-08736D14F0B0}.Debug|x86.ActiveCfg = Debug|Win32
		{B77E0956-6BB4-495B-BF0D-08736D14F0B0}.Debug|x86.Build.0 = Debug|Win32
		{B77E0956-6BB4-495B-BF0D-08736D14F0B0}.Release|Any CPU.ActiveCfg = Release|Win32
		{B77E0956-6BB4-495B-BF0D-08736D14F0B0}.Release|x64.ActiveCfg = Release|x64
		{B77E0956-6BB4-495B-BF0D-08736D14F0B0}.Release|x64.Build.0 = Release|x64
		{B77E0956-6BB4-495B-BF0D-08736D14F0B0}.Release|x86.ActiveCfg = Release|Win32
		{B77E0956-6BB4-495B-BF0D-08736D14F0B0}.Release|x86.Build.0 = Release|Win32
	EndGlobalSection
	GlobalSection(SolutionProperties) = preSolution
		HideSolutionNode = FALSE
	EndGlobalSection
	GlobalSection(ExtensibilityGlobals) = postSolution
		SolutionGuid = {6DE2E75B-30A0-4735-B4F6-994AB10BA808}
	EndGlobalSection
EndGlobal
