
Microsoft Visual Studio Solution File, Format Version 12.00
# Visual Studio 15
VisualStudioVersion = 15.0.28307.421
MinimumVisualStudioVersion = 10.0.40219.1
Project("{8BC9CEB8-8B4A-11D0-8D11-00A0C91BC942}") = "cppDll4cs", "cppDll4cs\cppDll4cs.vcxproj", "{1DB94387-3222-497D-81B7-A6E7EC65CCA4}"
EndProject
Project("{FAE04EC0-301F-11D3-BF4B-00C04F79EFBC}") = "csConsoleApp", "csConsoleApp\csConsoleApp.csproj", "{DAE703C3-1190-410B-BE9A-A7791B68655E}"
EndProject
Project("{8BC9CEB8-8B4A-11D0-8D11-00A0C91BC942}") = "cppWinConsole", "cppWinConsole\cppWinConsole.vcxproj", "{B77E0956-6BB4-495B-BF0D-08736D14F0B0}"
EndProject
Project("{8BC9CEB8-8B4A-11D0-8D11-00A0C91BC942}") = "plg", "plg\plg.vcxproj", "{3E07B107-0834-4A78-BFC9-184141A43F02}"
EndProject
Project("{8BC9CEB8-8B4A-11D0-8D11-00A0C91BC942}") = "dll", "dll\dll.vcxproj", "{B167AF4A-3649-4972-B4CE-E9AF31BD4D12}"
EndProject
Project("{FAE04EC0-301F-11D3-BF4B-00C04F79EFBC}") = "dat", "dat\dat.csproj", "{A546BD8B-C65B-4F1F-8DAB-6E92AF355A94}"
EndProject
Project("{FAE04EC0-301F-11D3-BF4B-00C04F79EFBC}") = "p1gx", "p1g\p1gx.csproj", "{0333C30D-358D-48F5-995B-3B157EA83896}"
EndProject
Project("{FAE04EC0-301F-11D3-BF4B-00C04F79EFBC}") = "use_dat_csdll", "use_dat_csdll\use_dat_csdll.csproj", "{7C9761E8-BF1C-4BB1-97FB-B57FD969D125}"
EndProject
Project("{8BC9CEB8-8B4A-11D0-8D11-00A0C91BC942}") = "cpp", "cpp\cpp.vcxproj", "{F1EA3392-D5EB-4054-88A4-BF535D516ED9}"
EndProject
Project("{FAE04EC0-301F-11D3-BF4B-00C04F79EFBC}") = "cs", "cs\cs.csproj", "{C54E5589-7D27-4A1F-AF09-FC94D1F909FC}"
EndProject
Project("{FAE04EC0-301F-11D3-BF4B-00C04F79EFBC}") = "p1g", "p1g\p1g.csproj", "{FAEA7E77-F33C-4015-B523-AE14C733ACCA}"
EndProject
Global
	GlobalSection(SolutionConfigurationPlatforms) = preSolution
		Debug|Any CPU = Debug|Any CPU
		Debug|x64 = Debug|x64
		Debug|x86 = Debug|x86
		Release|Any CPU = Release|Any CPU
		Release|x64 = Release|x64
		Release|x86 = Release|x86
	EndGlobalSection
	GlobalSection(ProjectConfigurationPlatforms) = postSolution
		{1DB94387-3222-497D-81B7-A6E7EC65CCA4}.Debug|Any CPU.ActiveCfg = Debug|Win32
		{1DB94387-3222-497D-81B7-A6E7EC65CCA4}.Debug|x64.ActiveCfg = Debug|x64
		{1DB94387-3222-497D-81B7-A6E7EC65CCA4}.Debug|x64.Build.0 = Debug|x64
		{1DB94387-3222-497D-81B7-A6E7EC65CCA4}.Debug|x86.ActiveCfg = Debug|Win32
		{1DB94387-3222-497D-81B7-A6E7EC65CCA4}.Debug|x86.Build.0 = Debug|Win32
		{1DB94387-3222-497D-81B7-A6E7EC65CCA4}.Release|Any CPU.ActiveCfg = Release|Win32
		{1DB94387-3222-497D-81B7-A6E7EC65CCA4}.Release|x64.ActiveCfg = Release|x64
		{1DB94387-3222-497D-81B7-A6E7EC65CCA4}.Release|x64.Build.0 = Release|x64
		{1DB94387-3222-497D-81B7-A6E7EC65CCA4}.Release|x86.ActiveCfg = Release|Win32
		{1DB94387-3222-497D-81B7-A6E7EC65CCA4}.Release|x86.Build.0 = Release|Win32
		{DAE703C3-1190-410B-BE9A-A7791B68655E}.Debug|Any CPU.ActiveCfg = Debug|Any CPU
		{DAE703C3-1190-410B-BE9A-A7791B68655E}.Debug|Any CPU.Build.0 = Debug|Any CPU
		{DAE703C3-1190-410B-BE9A-A7791B68655E}.Debug|x64.ActiveCfg = Debug|Any CPU
		{DAE703C3-1190-410B-BE9A-A7791B68655E}.Debug|x64.Build.0 = Debug|Any CPU
		{DAE703C3-1190-410B-BE9A-A7791B68655E}.Debug|x86.ActiveCfg = Debug|Any CPU
		{DAE703C3-1190-410B-BE9A-A7791B68655E}.Debug|x86.Build.0 = Debug|Any CPU
		{DAE703C3-1190-410B-BE9A-A7791B68655E}.Release|Any CPU.ActiveCfg = Release|Any CPU
		{DAE703C3-1190-410B-BE9A-A7791B68655E}.Release|Any CPU.Build.0 = Release|Any CPU
		{DAE703C3-1190-410B-BE9A-A7791B68655E}.Release|x64.ActiveCfg = Release|Any CPU
		{DAE703C3-1190-410B-BE9A-A7791B68655E}.Release|x64.Build.0 = Release|Any CPU
		{DAE703C3-1190-410B-BE9A-A7791B68655E}.Release|x86.ActiveCfg = Release|Any CPU
		{DAE703C3-1190-410B-BE9A-A7791B68655E}.Release|x86.Build.0 = Release|Any CPU
		{B77E0956-6BB4-495B-BF0D-08736D14F0B0}.Debug|Any CPU.ActiveCfg = Debug|Win32
		{B77E0956-6BB4-495B-BF0D-08736D14F0B0}.Debug|x64.ActiveCfg = Debug|x64
		{B77E0956-6BB4-495B-BF0D-08736D14F0B0}.Debug|x64.Build.0 = Debug|x64
		{B77E0956-6BB4-495B-BF0D-08736D14F0B0}.Debug|x86.ActiveCfg = Debug|Win32
		{B77E0956-6BB4-495B-BF0D-08736D14F0B0}.Debug|x86.Build.0 = Debug|Win32
		{B77E0956-6BB4-495B-BF0D-08736D14F0B0}.Release|Any CPU.ActiveCfg = Release|Win32
		{B77E0956-6BB4-495B-BF0D-08736D14F0B0}.Release|x64.ActiveCfg = Release|x64
		{B77E0956-6BB4-495B-BF0D-08736D14F0B0}.Release|x64.Build.0 = Release|x64
		{B77E0956-6BB4-495B-BF0D-08736D14F0B0}.Release|x86.ActiveCfg = Release|Win32
		{B77E0956-6BB4-495B-BF0D-08736D14F0B0}.Release|x86.Build.0 = Release|Win32
		{3E07B107-0834-4A78-BFC9-184141A43F02}.Debug|Any CPU.ActiveCfg = Debug|Win32
		{3E07B107-0834-4A78-BFC9-184141A43F02}.Debug|x64.ActiveCfg = Debug|x64
		{3E07B107-0834-4A78-BFC9-184141A43F02}.Debug|x64.Build.0 = Debug|x64
		{3E07B107-0834-4A78-BFC9-184141A43F02}.Debug|x86.ActiveCfg = Debug|Win32
		{3E07B107-0834-4A78-BFC9-184141A43F02}.Debug|x86.Build.0 = Debug|Win32
		{3E07B107-0834-4A78-BFC9-184141A43F02}.Release|Any CPU.ActiveCfg = Release|Win32
		{3E07B107-0834-4A78-BFC9-184141A43F02}.Release|x64.ActiveCfg = Release|x64
		{3E07B107-0834-4A78-BFC9-184141A43F02}.Release|x64.Build.0 = Release|x64
		{3E07B107-0834-4A78-BFC9-184141A43F02}.Release|x86.ActiveCfg = Release|Win32
		{3E07B107-0834-4A78-BFC9-184141A43F02}.Release|x86.Build.0 = Release|Win32
		{B167AF4A-3649-4972-B4CE-E9AF31BD4D12}.Debug|Any CPU.ActiveCfg = Debug|Win32
		{B167AF4A-3649-4972-B4CE-E9AF31BD4D12}.Debug|x64.ActiveCfg = Debug|x64
		{B167AF4A-3649-4972-B4CE-E9AF31BD4D12}.Debug|x64.Build.0 = Debug|x64
		{B167AF4A-3649-4972-B4CE-E9AF31BD4D12}.Debug|x86.ActiveCfg = Debug|Win32
		{B167AF4A-3649-4972-B4CE-E9AF31BD4D12}.Debug|x86.Build.0 = Debug|Win32
		{B167AF4A-3649-4972-B4CE-E9AF31BD4D12}.Release|Any CPU.ActiveCfg = Release|Win32
		{B167AF4A-3649-4972-B4CE-E9AF31BD4D12}.Release|x64.ActiveCfg = Release|x64
		{B167AF4A-3649-4972-B4CE-E9AF31BD4D12}.Release|x64.Build.0 = Release|x64
		{B167AF4A-3649-4972-B4CE-E9AF31BD4D12}.Release|x86.ActiveCfg = Release|Win32
		{B167AF4A-3649-4972-B4CE-E9AF31BD4D12}.Release|x86.Build.0 = Release|Win32
		{A546BD8B-C65B-4F1F-8DAB-6E92AF355A94}.Debug|Any CPU.ActiveCfg = Debug|Any CPU
		{A546BD8B-C65B-4F1F-8DAB-6E92AF355A94}.Debug|Any CPU.Build.0 = Debug|Any CPU
		{A546BD8B-C65B-4F1F-8DAB-6E92AF355A94}.Debug|x64.ActiveCfg = Debug|Any CPU
		{A546BD8B-C65B-4F1F-8DAB-6E92AF355A94}.Debug|x64.Build.0 = Debug|Any CPU
		{A546BD8B-C65B-4F1F-8DAB-6E92AF355A94}.Debug|x86.ActiveCfg = Debug|Any CPU
		{A546BD8B-C65B-4F1F-8DAB-6E92AF355A94}.Debug|x86.Build.0 = Debug|Any CPU
		{A546BD8B-C65B-4F1F-8DAB-6E92AF355A94}.Release|Any CPU.ActiveCfg = Release|Any CPU
		{A546BD8B-C65B-4F1F-8DAB-6E92AF355A94}.Release|Any CPU.Build.0 = Release|Any CPU
		{A546BD8B-C65B-4F1F-8DAB-6E92AF355A94}.Release|x64.ActiveCfg = Release|Any CPU
		{A546BD8B-C65B-4F1F-8DAB-6E92AF355A94}.Release|x64.Build.0 = Release|Any CPU
		{A546BD8B-C65B-4F1F-8DAB-6E92AF355A94}.Release|x86.ActiveCfg = Release|Any CPU
		{A546BD8B-C65B-4F1F-8DAB-6E92AF355A94}.Release|x86.Build.0 = Release|Any CPU
		{0333C30D-358D-48F5-995B-3B157EA83896}.Debug|Any CPU.ActiveCfg = Debug|Any CPU
		{0333C30D-358D-48F5-995B-3B157EA83896}.Debug|Any CPU.Build.0 = Debug|Any CPU
		{0333C30D-358D-48F5-995B-3B157EA83896}.Debug|x64.ActiveCfg = Debug|Any CPU
		{0333C30D-358D-48F5-995B-3B157EA83896}.Debug|x64.Build.0 = Debug|Any CPU
		{0333C30D-358D-48F5-995B-3B157EA83896}.Debug|x86.ActiveCfg = Debug|Any CPU
		{0333C30D-358D-48F5-995B-3B157EA83896}.Debug|x86.Build.0 = Debug|Any CPU
		{0333C30D-358D-48F5-995B-3B157EA83896}.Release|Any CPU.ActiveCfg = Release|Any CPU
		{0333C30D-358D-48F5-995B-3B157EA83896}.Release|Any CPU.Build.0 = Release|Any CPU
		{0333C30D-358D-48F5-995B-3B157EA83896}.Release|x64.ActiveCfg = Release|Any CPU
		{0333C30D-358D-48F5-995B-3B157EA83896}.Release|x64.Build.0 = Release|Any CPU
		{0333C30D-358D-48F5-995B-3B157EA83896}.Release|x86.ActiveCfg = Release|Any CPU
		{0333C30D-358D-48F5-995B-3B157EA83896}.Release|x86.Build.0 = Release|Any CPU
		{7C9761E8-BF1C-4BB1-97FB-B57FD969D125}.Debug|Any CPU.ActiveCfg = Debug|Any CPU
		{7C9761E8-BF1C-4BB1-97FB-B57FD969D125}.Debug|Any CPU.Build.0 = Debug|Any CPU
		{7C9761E8-BF1C-4BB1-97FB-B57FD969D125}.Debug|x64.ActiveCfg = Debug|Any CPU
		{7C9761E8-BF1C-4BB1-97FB-B57FD969D125}.Debug|x64.Build.0 = Debug|Any CPU
		{7C9761E8-BF1C-4BB1-97FB-B57FD969D125}.Debug|x86.ActiveCfg = Debug|Any CPU
		{7C9761E8-BF1C-4BB1-97FB-B57FD969D125}.Debug|x86.Build.0 = Debug|Any CPU
		{7C9761E8-BF1C-4BB1-97FB-B57FD969D125}.Release|Any CPU.ActiveCfg = Release|Any CPU
		{7C9761E8-BF1C-4BB1-97FB-B57FD969D125}.Release|Any CPU.Build.0 = Release|Any CPU
		{7C9761E8-BF1C-4BB1-97FB-B57FD969D125}.Release|x64.ActiveCfg = Release|Any CPU
		{7C9761E8-BF1C-4BB1-97FB-B57FD969D125}.Release|x64.Build.0 = Release|Any CPU
		{7C9761E8-BF1C-4BB1-97FB-B57FD969D125}.Release|x86.ActiveCfg = Release|Any CPU
		{7C9761E8-BF1C-4BB1-97FB-B57FD969D125}.Release|x86.Build.0 = Release|Any CPU
		{F1EA3392-D5EB-4054-88A4-BF535D516ED9}.Debug|Any CPU.ActiveCfg = Debug|Win32
		{F1EA3392-D5EB-4054-88A4-BF535D516ED9}.Debug|x64.ActiveCfg = Debug|x64
		{F1EA3392-D5EB-4054-88A4-BF535D516ED9}.Debug|x64.Build.0 = Debug|x64
		{F1EA3392-D5EB-4054-88A4-BF535D516ED9}.Debug|x86.ActiveCfg = Debug|Win32
		{F1EA3392-D5EB-4054-88A4-BF535D516ED9}.Debug|x86.Build.0 = Debug|Win32
		{F1EA3392-D5EB-4054-88A4-BF535D516ED9}.Release|Any CPU.ActiveCfg = Release|Win32
		{F1EA3392-D5EB-4054-88A4-BF535D516ED9}.Release|x64.ActiveCfg = Release|x64
		{F1EA3392-D5EB-4054-88A4-BF535D516ED9}.Release|x64.Build.0 = Release|x64
		{F1EA3392-D5EB-4054-88A4-BF535D516ED9}.Release|x86.ActiveCfg = Release|Win32
		{F1EA3392-D5EB-4054-88A4-BF535D516ED9}.Release|x86.Build.0 = Release|Win32
		{C54E5589-7D27-4A1F-AF09-FC94D1F909FC}.Debug|Any CPU.ActiveCfg = Debug|Any CPU
		{C54E5589-7D27-4A1F-AF09-FC94D1F909FC}.Debug|Any CPU.Build.0 = Debug|Any CPU
		{C54E5589-7D27-4A1F-AF09-FC94D1F909FC}.Debug|x64.ActiveCfg = Debug|Any CPU
		{C54E5589-7D27-4A1F-AF09-FC94D1F909FC}.Debug|x64.Build.0 = Debug|Any CPU
		{C54E5589-7D27-4A1F-AF09-FC94D1F909FC}.Debug|x86.ActiveCfg = Debug|Any CPU
		{C54E5589-7D27-4A1F-AF09-FC94D1F909FC}.Debug|x86.Build.0 = Debug|Any CPU
		{C54E5589-7D27-4A1F-AF09-FC94D1F909FC}.Release|Any CPU.ActiveCfg = Release|Any CPU
		{C54E5589-7D27-4A1F-AF09-FC94D1F909FC}.Release|Any CPU.Build.0 = Release|Any CPU
		{C54E5589-7D27-4A1F-AF09-FC94D1F909FC}.Release|x64.ActiveCfg = Release|Any CPU
		{C54E5589-7D27-4A1F-AF09-FC94D1F909FC}.Release|x64.Build.0 = Release|Any CPU
		{C54E5589-7D27-4A1F-AF09-FC94D1F909FC}.Release|x86.ActiveCfg = Release|Any CPU
		{C54E5589-7D27-4A1F-AF09-FC94D1F909FC}.Release|x86.Build.0 = Release|Any CPU
		{FAEA7E77-F33C-4015-B523-AE14C733ACCA}.Debug|Any CPU.ActiveCfg = Debug|Any CPU
		{FAEA7E77-F33C-4015-B523-AE14C733ACCA}.Debug|Any CPU.Build.0 = Debug|Any CPU
		{FAEA7E77-F33C-4015-B523-AE14C733ACCA}.Debug|x64.ActiveCfg = Debug|Any CPU
		{FAEA7E77-F33C-4015-B523-AE14C733ACCA}.Debug|x64.Build.0 = Debug|Any CPU
		{FAEA7E77-F33C-4015-B523-AE14C733ACCA}.Debug|x86.ActiveCfg = Debug|Any CPU
		{FAEA7E77-F33C-4015-B523-AE14C733ACCA}.Debug|x86.Build.0 = Debug|Any CPU
		{FAEA7E77-F33C-4015-B523-AE14C733ACCA}.Release|Any CPU.ActiveCfg = Release|Any CPU
		{FAEA7E77-F33C-4015-B523-AE14C733ACCA}.Release|Any CPU.Build.0 = Release|Any CPU
		{FAEA7E77-F33C-4015-B523-AE14C733ACCA}.Release|x64.ActiveCfg = Release|Any CPU
		{FAEA7E77-F33C-4015-B523-AE14C733ACCA}.Release|x64.Build.0 = Release|Any CPU
		{FAEA7E77-F33C-4015-B523-AE14C733ACCA}.Release|x86.ActiveCfg = Release|Any CPU
		{FAEA7E77-F33C-4015-B523-AE14C733ACCA}.Release|x86.Build.0 = Release|Any CPU
	EndGlobalSection
	GlobalSection(SolutionProperties) = preSolution
		HideSolutionNode = FALSE
	EndGlobalSection
	GlobalSection(ExtensibilityGlobals) = postSolution
		SolutionGuid = {6DE2E75B-30A0-4735-B4F6-994AB10BA808}
	EndGlobalSection
EndGlobal
