
Microsoft Visual Studio Solution File, Format Version 12.00
# Visual Studio 15
VisualStudioVersion = 15.0.28307.421
MinimumVisualStudioVersion = 10.0.40219.1
Project("{8BC9CEB8-8B4A-11D0-8D11-00A0C91BC942}") = "msgBox", "msgBox.vcxproj", "{B197EC20-0456-4377-848C-6AD7827E7AC9}"
EndProject
Project("{8BC9CEB8-8B4A-11D0-8D11-00A0C91BC942}") = "win", "..\win\win.vcxproj", "{679C7CAF-528D-46C8-AA57-700880B4B35A}"
EndProject
Project("{8BC9CEB8-8B4A-11D0-8D11-00A0C91BC942}") = "myWin", "..\myWin\myWin.vcxproj", "{C5711D72-42F7-4900-9ABF-FCB0D8D230F4}"
EndProject
Project("{8BC9CEB8-8B4A-11D0-8D11-00A0C91BC942}") = "isPrime", "..\isPrime\isPrime.vcxproj", "{2BA064B4-BBDB-4A9E-AED6-1DD6E83CC142}"
EndProject
Global
	GlobalSection(SolutionConfigurationPlatforms) = preSolution
		Debug|x64 = Debug|x64
		Debug|x86 = Debug|x86
		Release|x64 = Release|x64
		Release|x86 = Release|x86
	EndGlobalSection
	GlobalSection(ProjectConfigurationPlatforms) = postSolution
		{B197EC20-0456-4377-848C-6AD7827E7AC9}.Debug|x64.ActiveCfg = Debug|x64
		{B197EC20-0456-4377-848C-6AD7827E7AC9}.Debug|x64.Build.0 = Debug|x64
		{B197EC20-0456-4377-848C-6AD7827E7AC9}.Debug|x86.ActiveCfg = Debug|Win32
		{B197EC20-0456-4377-848C-6AD7827E7AC9}.Debug|x86.Build.0 = Debug|Win32
		{B197EC20-0456-4377-848C-6AD7827E7AC9}.Release|x64.ActiveCfg = Release|x64
		{B197EC20-0456-4377-848C-6AD7827E7AC9}.Release|x64.Build.0 = Release|x64
		{B197EC20-0456-4377-848C-6AD7827E7AC9}.Release|x86.ActiveCfg = Release|Win32
		{B197EC20-0456-4377-848C-6AD7827E7AC9}.Release|x86.Build.0 = Release|Win32
		{679C7CAF-528D-46C8-AA57-700880B4B35A}.Debug|x64.ActiveCfg = Debug|x64
		{679C7CAF-528D-46C8-AA57-700880B4B35A}.Debug|x64.Build.0 = Debug|x64
		{679C7CAF-528D-46C8-AA57-700880B4B35A}.Debug|x86.ActiveCfg = Debug|Win32
		{679C7CAF-528D-46C8-AA57-700880B4B35A}.Debug|x86.Build.0 = Debug|Win32
		{679C7CAF-528D-46C8-AA57-700880B4B35A}.Release|x64.ActiveCfg = Release|x64
		{679C7CAF-528D-46C8-AA57-700880B4B35A}.Release|x64.Build.0 = Release|x64
		{679C7CAF-528D-46C8-AA57-700880B4B35A}.Release|x86.ActiveCfg = Release|Win32
		{679C7CAF-528D-46C8-AA57-700880B4B35A}.Release|x86.Build.0 = Release|Win32
		{C5711D72-42F7-4900-9ABF-FCB0D8D230F4}.Debug|x64.ActiveCfg = Debug|x64
		{C5711D72-42F7-4900-9ABF-FCB0D8D230F4}.Debug|x64.Build.0 = Debug|x64
		{C5711D72-42F7-4900-9ABF-FCB0D8D230F4}.Debug|x86.ActiveCfg = Debug|Win32
		{C5711D72-42F7-4900-9ABF-FCB0D8D230F4}.Debug|x86.Build.0 = Debug|Win32
		{C5711D72-42F7-4900-9ABF-FCB0D8D230F4}.Release|x64.ActiveCfg = Release|x64
		{C5711D72-42F7-4900-9ABF-FCB0D8D230F4}.Release|x64.Build.0 = Release|x64
		{C5711D72-42F7-4900-9ABF-FCB0D8D230F4}.Release|x86.ActiveCfg = Release|Win32
		{C5711D72-42F7-4900-9ABF-FCB0D8D230F4}.Release|x86.Build.0 = Release|Win32
		{2BA064B4-BBDB-4A9E-AED6-1DD6E83CC142}.Debug|x64.ActiveCfg = Debug|x64
		{2BA064B4-BBDB-4A9E-AED6-1DD6E83CC142}.Debug|x64.Build.0 = Debug|x64
		{2BA064B4-BBDB-4A9E-AED6-1DD6E83CC142}.Debug|x86.ActiveCfg = Debug|Win32
		{2BA064B4-BBDB-4A9E-AED6-1DD6E83CC142}.Debug|x86.Build.0 = Debug|Win32
		{2BA064B4-BBDB-4A9E-AED6-1DD6E83CC142}.Release|x64.ActiveCfg = Release|x64
		{2BA064B4-BBDB-4A9E-AED6-1DD6E83CC142}.Release|x64.Build.0 = Release|x64
		{2BA064B4-BBDB-4A9E-AED6-1DD6E83CC142}.Release|x86.ActiveCfg = Release|Win32
		{2BA064B4-BBDB-4A9E-AED6-1DD6E83CC142}.Release|x86.Build.0 = Release|Win32
	EndGlobalSection
	GlobalSection(SolutionProperties) = preSolution
		HideSolutionNode = FALSE
	EndGlobalSection
	GlobalSection(ExtensibilityGlobals) = postSolution
		SolutionGuid = {7CB3333C-036F-4B0E-965F-7263A4C0B4D7}
	EndGlobalSection
EndGlobal
